{
  "version": 4,
  "terraform_version": "1.7.5",
  "serial": 159,
  "lineage": "5ffee2bc-7d19-ab92-ca27-e0b8a885c8a3",
  "outputs": {},
  "resources": [
    {
      "mode": "managed",
      "type": "google_firebase_project",
      "name": "default",
      "provider": "provider[\"registry.terraform.io/hashicorp/google-beta\"]",
      "instances": [
        {
          "schema_version": 0,
          "attributes": {
            "display_name": "notesreader8",
            "id": "projects/notesreader8",
            "project": "notesreader8",
            "project_number": "484146507822",
            "timeouts": null
          },
          "sensitive_attributes": [],
          "private": "eyJlMmJmYjczMC1lY2FhLTExZTYtOGY4OC0zNDM2M2JjN2M0YzAiOnsiY3JlYXRlIjoxMjAwMDAwMDAwMDAwLCJkZWxldGUiOjEyMDAwMDAwMDAwMDB9fQ==",
          "dependencies": [
            "google_project.default",
            "google_project_service.firebase",
            "google_project_service.serviceusage"
          ]
        }
      ]
    },
    {
      "mode": "managed",
      "type": "google_firebase_web_app",
      "name": "default",
      "provider": "provider[\"registry.terraform.io/hashicorp/google-beta\"]",
      "instances": [
        {
          "schema_version": 0,
          "attributes": {
            "api_key_id": "b0d2ef38-23e4-4c76-b4fd-13639be1f131",
            "app_id": "1:484146507822:web:caeb6eec15bae94da02fbf",
            "app_urls": [],
            "deletion_policy": "DELETE",
            "display_name": "notesreader8",
            "id": "projects/notesreader8/webApps/1:484146507822:web:caeb6eec15bae94da02fbf",
            "name": "projects/notesreader8/webApps/1:484146507822:web:caeb6eec15bae94da02fbf",
            "project": "notesreader8",
            "timeouts": null
          },
          "sensitive_attributes": [],
          "private": "eyJlMmJmYjczMC1lY2FhLTExZTYtOGY4OC0zNDM2M2JjN2M0YzAiOnsiY3JlYXRlIjoxMjAwMDAwMDAwMDAwLCJkZWxldGUiOjEyMDAwMDAwMDAwMDAsInVwZGF0ZSI6MTIwMDAwMDAwMDAwMH19",
          "dependencies": [
            "google_firebase_project.default",
            "google_project.default",
            "google_project_service.firebase",
            "google_project_service.serviceusage"
          ]
        }
      ]
    },
    {
      "mode": "managed",
      "type": "google_firestore_database",
      "name": "default",
      "provider": "provider[\"registry.terraform.io/hashicorp/google-beta\"]",
      "instances": [
        {
          "schema_version": 0,
          "attributes": {
            "app_engine_integration_mode": "DISABLED",
            "concurrency_mode": "OPTIMISTIC",
            "create_time": "",
            "delete_protection_state": "DELETE_PROTECTION_DISABLED",
            "earliest_version_time": "2024-04-09T17:02:01.965701Z",
            "etag": "IPedrZHOtYUDMIXh+IvOtYUD",
            "id": "projects/notesreader8/databases/(default)",
            "key_prefix": "",
            "location_id": "europe-central2",
            "name": "(default)",
            "point_in_time_recovery_enablement": "POINT_IN_TIME_RECOVERY_DISABLED",
            "project": "notesreader8",
            "timeouts": null,
            "type": "FIRESTORE_NATIVE",
            "uid": "53302362-41be-42da-b67a-60382ab07e14",
            "update_time": "",
            "version_retention_period": "3600s"
          },
          "sensitive_attributes": [],
          "private": "eyJlMmJmYjczMC1lY2FhLTExZTYtOGY4OC0zNDM2M2JjN2M0YzAiOnsiY3JlYXRlIjoxMjAwMDAwMDAwMDAwLCJkZWxldGUiOjEyMDAwMDAwMDAwMDAsInVwZGF0ZSI6MTIwMDAwMDAwMDAwMH19",
          "dependencies": [
            "google_firebase_project.default",
            "google_project.default",
            "google_project_service.firebase",
            "google_project_service.firestore",
            "google_project_service.serviceusage"
          ]
        }
      ]
    },
    {
      "mode": "managed",
      "type": "google_project",
      "name": "default",
      "provider": "provider[\"registry.terraform.io/hashicorp/google-beta\"].no_user_project_override",
      "instances": [
        {
          "schema_version": 1,
          "attributes": {
            "auto_create_network": true,
            "billing_account": null,
            "folder_id": null,
            "id": "projects/notesreader8",
            "labels": {
              "firebase": "enabled"
            },
            "name": "notesreader8",
            "number": "484146507822",
            "org_id": null,
            "project_id": "notesreader8",
            "skip_delete": null,
            "timeouts": null
          },
          "sensitive_attributes": [],
          "private": "eyJlMmJmYjczMC1lY2FhLTExZTYtOGY4OC0zNDM2M2JjN2M0YzAiOnsiY3JlYXRlIjo2MDAwMDAwMDAwMDAsImRlbGV0ZSI6NjAwMDAwMDAwMDAwLCJyZWFkIjo2MDAwMDAwMDAwMDAsInVwZGF0ZSI6NjAwMDAwMDAwMDAwfSwic2NoZW1hX3ZlcnNpb24iOiIxIn0="
        }
      ]
    },
    {
      "mode": "managed",
      "type": "google_project_service",
      "name": "firebase",
      "provider": "provider[\"registry.terraform.io/hashicorp/google-beta\"].no_user_project_override",
      "instances": [
        {
          "schema_version": 0,
          "attributes": {
            "disable_dependent_services": null,
            "disable_on_destroy": false,
            "id": "notesreader8/firebase.googleapis.com",
            "project": "notesreader8",
            "service": "firebase.googleapis.com",
            "timeouts": null
          },
          "sensitive_attributes": [],
          "private": "eyJlMmJmYjczMC1lY2FhLTExZTYtOGY4OC0zNDM2M2JjN2M0YzAiOnsiY3JlYXRlIjoxMjAwMDAwMDAwMDAwLCJkZWxldGUiOjEyMDAwMDAwMDAwMDAsInJlYWQiOjYwMDAwMDAwMDAwMCwidXBkYXRlIjoxMjAwMDAwMDAwMDAwfX0=",
          "dependencies": [
            "google_project.default"
          ]
        }
      ]
    },
    {
      "mode": "managed",
      "type": "google_project_service",
      "name": "firestore",
      "provider": "provider[\"registry.terraform.io/hashicorp/google-beta\"]",
      "instances": [
        {
          "index_key": "firebaserules.googleapis.com",
          "schema_version": 0,
          "attributes": {
            "disable_dependent_services": null,
            "disable_on_destroy": false,
            "id": "notesreader8/firebaserules.googleapis.com",
            "project": "notesreader8",
            "service": "firebaserules.googleapis.com",
            "timeouts": null
          },
          "sensitive_attributes": [],
          "private": "eyJlMmJmYjczMC1lY2FhLTExZTYtOGY4OC0zNDM2M2JjN2M0YzAiOnsiY3JlYXRlIjoxMjAwMDAwMDAwMDAwLCJkZWxldGUiOjEyMDAwMDAwMDAwMDAsInJlYWQiOjYwMDAwMDAwMDAwMCwidXBkYXRlIjoxMjAwMDAwMDAwMDAwfX0=",
          "dependencies": [
            "google_firebase_project.default",
            "google_project.default",
            "google_project_service.firebase",
            "google_project_service.serviceusage"
          ]
        },
        {
          "index_key": "firestore.googleapis.com",
          "schema_version": 0,
          "attributes": {
            "disable_dependent_services": null,
            "disable_on_destroy": false,
            "id": "notesreader8/firestore.googleapis.com",
            "project": "notesreader8",
            "service": "firestore.googleapis.com",
            "timeouts": null
          },
          "sensitive_attributes": [],
          "private": "eyJlMmJmYjczMC1lY2FhLTExZTYtOGY4OC0zNDM2M2JjN2M0YzAiOnsiY3JlYXRlIjoxMjAwMDAwMDAwMDAwLCJkZWxldGUiOjEyMDAwMDAwMDAwMDAsInJlYWQiOjYwMDAwMDAwMDAwMCwidXBkYXRlIjoxMjAwMDAwMDAwMDAwfX0=",
          "dependencies": [
            "google_firebase_project.default",
            "google_project.default",
            "google_project_service.firebase",
            "google_project_service.serviceusage"
          ]
        }
      ]
    },
    {
      "mode": "managed",
      "type": "google_project_service",
      "name": "serviceusage",
      "provider": "provider[\"registry.terraform.io/hashicorp/google-beta\"].no_user_project_override",
      "instances": [
        {
          "schema_version": 0,
          "attributes": {
            "disable_dependent_services": null,
            "disable_on_destroy": false,
            "id": "notesreader8/serviceusage.googleapis.com",
            "project": "notesreader8",
            "service": "serviceusage.googleapis.com",
            "timeouts": null
          },
          "sensitive_attributes": [],
          "private": "eyJlMmJmYjczMC1lY2FhLTExZTYtOGY4OC0zNDM2M2JjN2M0YzAiOnsiY3JlYXRlIjoxMjAwMDAwMDAwMDAwLCJkZWxldGUiOjEyMDAwMDAwMDAwMDAsInJlYWQiOjYwMDAwMDAwMDAwMCwidXBkYXRlIjoxMjAwMDAwMDAwMDAwfX0=",
          "dependencies": [
            "google_project.default"
          ]
        }
      ]
    },
    {
      "mode": "managed",
      "type": "google_project_service",
      "name": "storage",
      "provider": "provider[\"registry.terraform.io/hashicorp/google-beta\"]",
      "instances": [
        {
          "index_key": "firebasestorage.googleapis.com",
          "schema_version": 0,
          "attributes": {
            "disable_dependent_services": null,
            "disable_on_destroy": false,
            "id": "notesreader8/firebasestorage.googleapis.com",
            "project": "notesreader8",
            "service": "firebasestorage.googleapis.com",
            "timeouts": null
          },
          "sensitive_attributes": [],
          "private": "eyJlMmJmYjczMC1lY2FhLTExZTYtOGY4OC0zNDM2M2JjN2M0YzAiOnsiY3JlYXRlIjoxMjAwMDAwMDAwMDAwLCJkZWxldGUiOjEyMDAwMDAwMDAwMDAsInJlYWQiOjYwMDAwMDAwMDAwMCwidXBkYXRlIjoxMjAwMDAwMDAwMDAwfX0=",
          "dependencies": [
            "google_firebase_project.default",
            "google_project.default",
            "google_project_service.firebase",
            "google_project_service.serviceusage"
          ]
        },
        {
          "index_key": "storage.googleapis.com",
          "schema_version": 0,
          "attributes": {
            "disable_dependent_services": null,
            "disable_on_destroy": false,
            "id": "notesreader8/storage.googleapis.com",
            "project": "notesreader8",
            "service": "storage.googleapis.com",
            "timeouts": null
          },
          "sensitive_attributes": [],
          "private": "eyJlMmJmYjczMC1lY2FhLTExZTYtOGY4OC0zNDM2M2JjN2M0YzAiOnsiY3JlYXRlIjoxMjAwMDAwMDAwMDAwLCJkZWxldGUiOjEyMDAwMDAwMDAwMDAsInJlYWQiOjYwMDAwMDAwMDAwMCwidXBkYXRlIjoxMjAwMDAwMDAwMDAwfX0=",
          "dependencies": [
            "google_firebase_project.default",
            "google_project.default",
            "google_project_service.firebase",
            "google_project_service.serviceusage"
          ]
        }
      ]
    },
    {
      "module": "module.gcloud_deploy_app",
      "mode": "data",
      "type": "external",
      "name": "env_override",
      "provider": "provider[\"registry.terraform.io/hashicorp/external\"]",
      "instances": [
        {
          "index_key": 0,
          "schema_version": 0,
          "attributes": {
            "id": "-",
            "program": [
              ".terraform/modules/gcloud_deploy_app/scripts/check_env.sh"
            ],
            "query": {},
            "result": {
              "download": ""
            },
            "working_dir": null
          },
          "sensitive_attributes": []
        }
      ]
    },
    {
      "module": "module.gcloud_deploy_app",
      "mode": "managed",
      "type": "null_resource",
      "name": "decompress",
      "provider": "provider[\"registry.terraform.io/hashicorp/null\"]",
      "instances": [
        {
          "index_key": 0,
          "schema_version": 0,
          "attributes": {
            "id": "7871628340530870175",
            "triggers": {
              "arguments": "6d01538cd94ee6218405b1731070b1a5",
              "decompress_command": "tar -xzf .terraform/modules/gcloud_deploy_app/cache/8eecc393/google-cloud-sdk.tar.gz -C .terraform/modules/gcloud_deploy_app/cache/8eecc393 \u0026\u0026 cp .terraform/modules/gcloud_deploy_app/cache/8eecc393/jq .terraform/modules/gcloud_deploy_app/cache/8eecc393/google-cloud-sdk/bin/",
              "download_gcloud_command": "curl -sL -o .terraform/modules/gcloud_deploy_app/cache/8eecc393/google-cloud-sdk.tar.gz https://dl.google.com/dl/cloudsdk/channels/rapid/downloads/google-cloud-sdk-281.0.0-linux-x86_64.tar.gz",
              "download_jq_command": "curl -sL -o .terraform/modules/gcloud_deploy_app/cache/8eecc393/jq https://github.com/stedolan/jq/releases/download/jq-1.6/jq-linux64 \u0026\u0026 chmod +x .terraform/modules/gcloud_deploy_app/cache/8eecc393/jq",
              "md5": "7f22bf39aaf5ce5980111c3587bef5b5"
            }
          },
          "sensitive_attributes": [],
          "dependencies": [
            "module.gcloud_deploy_app.data.external.env_override",
            "module.gcloud_deploy_app.null_resource.download_gcloud",
            "module.gcloud_deploy_app.null_resource.download_jq",
            "module.gcloud_deploy_app.null_resource.module_depends_on",
            "module.gcloud_deploy_app.null_resource.prepare_cache",
            "module.gcloud_deploy_app.random_id.cache"
          ]
        }
      ]
    },
    {
      "module": "module.gcloud_deploy_app",
      "mode": "managed",
      "type": "null_resource",
      "name": "decompress_destroy",
      "provider": "provider[\"registry.terraform.io/hashicorp/null\"]",
      "instances": [
        {
          "index_key": 0,
          "schema_version": 0,
          "attributes": {
            "id": "951662942546854398",
            "triggers": {
              "decompress_wrapper": "tar -xzf .terraform/modules/gcloud_deploy_app/cache/8eecc393/google-cloud-sdk.tar.gz -C .terraform/modules/gcloud_deploy_app/cache/8eecc393 \u0026\u0026 cp .terraform/modules/gcloud_deploy_app/cache/8eecc393/jq .terraform/modules/gcloud_deploy_app/cache/8eecc393/google-cloud-sdk/bin/"
            }
          },
          "sensitive_attributes": [],
          "dependencies": [
            "module.gcloud_deploy_app.data.external.env_override",
            "module.gcloud_deploy_app.null_resource.additional_components",
            "module.gcloud_deploy_app.null_resource.additional_components_destroy",
            "module.gcloud_deploy_app.null_resource.decompress",
            "module.gcloud_deploy_app.null_resource.download_gcloud",
            "module.gcloud_deploy_app.null_resource.download_jq",
            "module.gcloud_deploy_app.null_resource.gcloud_auth_google_credentials",
            "module.gcloud_deploy_app.null_resource.gcloud_auth_google_credentials_destroy",
            "module.gcloud_deploy_app.null_resource.gcloud_auth_service_account_key_file",
            "module.gcloud_deploy_app.null_resource.gcloud_auth_service_account_key_file_destroy",
            "module.gcloud_deploy_app.null_resource.module_depends_on",
            "module.gcloud_deploy_app.null_resource.prepare_cache",
            "module.gcloud_deploy_app.null_resource.run_destroy_command",
            "module.gcloud_deploy_app.null_resource.upgrade",
            "module.gcloud_deploy_app.null_resource.upgrade_destroy",
            "module.gcloud_deploy_app.random_id.cache"
          ]
        }
      ]
    },
    {
      "module": "module.gcloud_deploy_app",
      "mode": "managed",
      "type": "null_resource",
      "name": "download_gcloud",
      "provider": "provider[\"registry.terraform.io/hashicorp/null\"]",
      "instances": [
        {
          "index_key": 0,
          "schema_version": 0,
          "attributes": {
            "id": "735842326513181217",
            "triggers": {
              "arguments": "6d01538cd94ee6218405b1731070b1a5",
              "download_gcloud_command": "curl -sL -o .terraform/modules/gcloud_deploy_app/cache/8eecc393/google-cloud-sdk.tar.gz https://dl.google.com/dl/cloudsdk/channels/rapid/downloads/google-cloud-sdk-281.0.0-linux-x86_64.tar.gz",
              "md5": "7f22bf39aaf5ce5980111c3587bef5b5"
            }
          },
          "sensitive_attributes": [],
          "dependencies": [
            "module.gcloud_deploy_app.data.external.env_override",
            "module.gcloud_deploy_app.null_resource.module_depends_on",
            "module.gcloud_deploy_app.null_resource.prepare_cache",
            "module.gcloud_deploy_app.random_id.cache"
          ]
        }
      ]
    },
    {
      "module": "module.gcloud_deploy_app",
      "mode": "managed",
      "type": "null_resource",
      "name": "download_jq",
      "provider": "provider[\"registry.terraform.io/hashicorp/null\"]",
      "instances": [
        {
          "index_key": 0,
          "schema_version": 0,
          "attributes": {
            "id": "3821235867247571492",
            "triggers": {
              "arguments": "6d01538cd94ee6218405b1731070b1a5",
              "download_jq_command": "curl -sL -o .terraform/modules/gcloud_deploy_app/cache/8eecc393/jq https://github.com/stedolan/jq/releases/download/jq-1.6/jq-linux64 \u0026\u0026 chmod +x .terraform/modules/gcloud_deploy_app/cache/8eecc393/jq",
              "md5": "7f22bf39aaf5ce5980111c3587bef5b5"
            }
          },
          "sensitive_attributes": [],
          "dependencies": [
            "module.gcloud_deploy_app.data.external.env_override",
            "module.gcloud_deploy_app.null_resource.module_depends_on",
            "module.gcloud_deploy_app.null_resource.prepare_cache",
            "module.gcloud_deploy_app.random_id.cache"
          ]
        }
      ]
    },
    {
      "module": "module.gcloud_deploy_app",
      "mode": "managed",
      "type": "null_resource",
      "name": "prepare_cache",
      "provider": "provider[\"registry.terraform.io/hashicorp/null\"]",
      "instances": [
        {
          "index_key": 0,
          "schema_version": 0,
          "attributes": {
            "id": "1698785645174854430",
            "triggers": {
              "arguments": "6d01538cd94ee6218405b1731070b1a5",
              "md5": "7f22bf39aaf5ce5980111c3587bef5b5",
              "prepare_cache_command": "mkdir -p .terraform/modules/gcloud_deploy_app/cache/8eecc393"
            }
          },
          "sensitive_attributes": [],
          "dependencies": [
            "module.gcloud_deploy_app.data.external.env_override",
            "module.gcloud_deploy_app.null_resource.module_depends_on",
            "module.gcloud_deploy_app.random_id.cache"
          ]
        }
      ]
    },
    {
      "module": "module.gcloud_deploy_app",
      "mode": "managed",
      "type": "null_resource",
      "name": "run_command",
      "provider": "provider[\"registry.terraform.io/hashicorp/null\"]",
      "instances": [
        {
          "index_key": 0,
          "schema_version": 0,
          "attributes": {
            "id": "2269516037771484902",
            "triggers": {
              "arguments": "6d01538cd94ee6218405b1731070b1a5",
              "create_cmd_body": "app deploy build/app.yaml",
              "create_cmd_entrypoint": "gcloud",
              "gcloud_bin_abs_path": "/home/patryk/Documents/Repos/uni/NotesReader/.terraform/modules/gcloud_deploy_app/cache/8eecc393/google-cloud-sdk/bin",
              "md5": "7f22bf39aaf5ce5980111c3587bef5b5"
            }
          },
          "sensitive_attributes": [],
          "dependencies": [
            "module.gcloud_deploy_app.data.external.env_override",
            "module.gcloud_deploy_app.null_resource.additional_components",
            "module.gcloud_deploy_app.null_resource.decompress",
            "module.gcloud_deploy_app.null_resource.download_gcloud",
            "module.gcloud_deploy_app.null_resource.download_jq",
            "module.gcloud_deploy_app.null_resource.gcloud_auth_google_credentials",
            "module.gcloud_deploy_app.null_resource.gcloud_auth_service_account_key_file",
            "module.gcloud_deploy_app.null_resource.module_depends_on",
            "module.gcloud_deploy_app.null_resource.prepare_cache",
            "module.gcloud_deploy_app.null_resource.upgrade",
            "module.gcloud_deploy_app.random_id.cache"
          ]
        }
      ]
    },
    {
      "module": "module.gcloud_deploy_app",
      "mode": "managed",
      "type": "null_resource",
      "name": "run_destroy_command",
      "provider": "provider[\"registry.terraform.io/hashicorp/null\"]",
      "instances": [
        {
          "index_key": 0,
          "schema_version": 0,
          "attributes": {
            "id": "2112926736432738707",
            "triggers": {
              "destroy_cmd_body": "skip",
              "destroy_cmd_entrypoint": "echo",
              "gcloud_bin_abs_path": "/home/patryk/Documents/Repos/uni/NotesReader/.terraform/modules/gcloud_deploy_app/cache/8eecc393/google-cloud-sdk/bin"
            }
          },
          "sensitive_attributes": [],
          "dependencies": [
            "module.gcloud_deploy_app.data.external.env_override",
            "module.gcloud_deploy_app.null_resource.additional_components",
            "module.gcloud_deploy_app.null_resource.decompress",
            "module.gcloud_deploy_app.null_resource.download_gcloud",
            "module.gcloud_deploy_app.null_resource.download_jq",
            "module.gcloud_deploy_app.null_resource.gcloud_auth_google_credentials",
            "module.gcloud_deploy_app.null_resource.gcloud_auth_service_account_key_file",
            "module.gcloud_deploy_app.null_resource.module_depends_on",
            "module.gcloud_deploy_app.null_resource.prepare_cache",
            "module.gcloud_deploy_app.null_resource.upgrade",
            "module.gcloud_deploy_app.random_id.cache"
          ]
        }
      ]
    },
    {
      "module": "module.gcloud_deploy_app",
      "mode": "managed",
      "type": "null_resource",
      "name": "upgrade",
      "provider": "provider[\"registry.terraform.io/hashicorp/null\"]",
      "instances": [
        {
          "index_key": 0,
          "schema_version": 0,
          "attributes": {
            "id": "3247537692727160397",
            "triggers": {
              "arguments": "6d01538cd94ee6218405b1731070b1a5",
              "md5": "7f22bf39aaf5ce5980111c3587bef5b5",
              "upgrade_command": ".terraform/modules/gcloud_deploy_app/cache/8eecc393/google-cloud-sdk/bin/gcloud components update --quiet"
            }
          },
          "sensitive_attributes": [],
          "dependencies": [
            "module.gcloud_deploy_app.data.external.env_override",
            "module.gcloud_deploy_app.null_resource.decompress",
            "module.gcloud_deploy_app.null_resource.download_gcloud",
            "module.gcloud_deploy_app.null_resource.download_jq",
            "module.gcloud_deploy_app.null_resource.module_depends_on",
            "module.gcloud_deploy_app.null_resource.prepare_cache",
            "module.gcloud_deploy_app.random_id.cache"
          ]
        }
      ]
    },
    {
      "module": "module.gcloud_deploy_app",
      "mode": "managed",
      "type": "null_resource",
      "name": "upgrade_destroy",
      "provider": "provider[\"registry.terraform.io/hashicorp/null\"]",
      "instances": [
        {
          "index_key": 0,
          "schema_version": 0,
          "attributes": {
            "id": "6788095998563331625",
            "triggers": {
              "upgrade_command": ".terraform/modules/gcloud_deploy_app/cache/8eecc393/google-cloud-sdk/bin/gcloud components update --quiet"
            }
          },
          "sensitive_attributes": [],
          "dependencies": [
            "module.gcloud_deploy_app.data.external.env_override",
            "module.gcloud_deploy_app.null_resource.additional_components",
            "module.gcloud_deploy_app.null_resource.additional_components_destroy",
            "module.gcloud_deploy_app.null_resource.decompress",
            "module.gcloud_deploy_app.null_resource.download_gcloud",
            "module.gcloud_deploy_app.null_resource.download_jq",
            "module.gcloud_deploy_app.null_resource.gcloud_auth_google_credentials",
            "module.gcloud_deploy_app.null_resource.gcloud_auth_google_credentials_destroy",
            "module.gcloud_deploy_app.null_resource.gcloud_auth_service_account_key_file",
            "module.gcloud_deploy_app.null_resource.gcloud_auth_service_account_key_file_destroy",
            "module.gcloud_deploy_app.null_resource.module_depends_on",
            "module.gcloud_deploy_app.null_resource.prepare_cache",
            "module.gcloud_deploy_app.null_resource.run_destroy_command",
            "module.gcloud_deploy_app.null_resource.upgrade",
            "module.gcloud_deploy_app.random_id.cache"
          ]
        }
      ]
    },
    {
      "module": "module.gcloud_deploy_app",
      "mode": "managed",
      "type": "random_id",
      "name": "cache",
      "provider": "provider[\"registry.terraform.io/hashicorp/random\"]",
      "instances": [
        {
          "index_key": 0,
          "schema_version": 0,
          "attributes": {
            "b64_std": "juzDkw==",
            "b64_url": "juzDkw",
            "byte_length": 4,
            "dec": "2397881235",
            "hex": "8eecc393",
            "id": "juzDkw",
            "keepers": null,
            "prefix": null
          },
          "sensitive_attributes": [],
          "dependencies": [
            "module.gcloud_deploy_app.data.external.env_override"
          ]
        }
      ]
    }
  ],
  "check_results": null
}
