{
  "version": 4,
  "terraform_version": "1.7.5",
  "serial": 23,
  "lineage": "5ffee2bc-7d19-ab92-ca27-e0b8a885c8a3",
  "outputs": {},
  "resources": [
    {
      "module": "module.gcloud_deploy_app",
      "mode": "data",
      "type": "external",
      "name": "env_override",
      "provider": "provider[\"registry.terraform.io/hashicorp/external\"]",
      "instances": [
        {
          "index_key": 0,
          "schema_version": 0,
          "attributes": {
            "id": "-",
            "program": [
              ".terraform/modules/gcloud_deploy_app/scripts/check_env.sh"
            ],
            "query": {},
            "result": {
              "download": ""
            },
            "working_dir": null
          },
          "sensitive_attributes": []
        }
      ]
    },
    {
      "module": "module.gcloud_deploy_app",
      "mode": "managed",
      "type": "null_resource",
      "name": "additional_components",
      "provider": "provider[\"registry.terraform.io/hashicorp/null\"]",
      "instances": []
    },
    {
      "module": "module.gcloud_deploy_app",
      "mode": "managed",
      "type": "null_resource",
      "name": "decompress",
      "provider": "provider[\"registry.terraform.io/hashicorp/null\"]",
      "instances": [
        {
          "index_key": 0,
          "schema_version": 0,
          "attributes": {
            "id": "5370356256040867606",
            "triggers": {
              "arguments": "6d01538cd94ee6218405b1731070b1a5",
              "decompress_command": "tar -xzf .terraform/modules/gcloud_deploy_app/cache/34c025e4/google-cloud-sdk.tar.gz -C .terraform/modules/gcloud_deploy_app/cache/34c025e4 \u0026\u0026 cp .terraform/modules/gcloud_deploy_app/cache/34c025e4/jq .terraform/modules/gcloud_deploy_app/cache/34c025e4/google-cloud-sdk/bin/",
              "download_gcloud_command": "curl -sL -o .terraform/modules/gcloud_deploy_app/cache/34c025e4/google-cloud-sdk.tar.gz https://dl.google.com/dl/cloudsdk/channels/rapid/downloads/google-cloud-sdk-281.0.0-linux-x86_64.tar.gz",
              "download_jq_command": "curl -sL -o .terraform/modules/gcloud_deploy_app/cache/34c025e4/jq https://github.com/stedolan/jq/releases/download/jq-1.6/jq-linux64 \u0026\u0026 chmod +x .terraform/modules/gcloud_deploy_app/cache/34c025e4/jq",
              "md5": "7f22bf39aaf5ce5980111c3587bef5b5"
            }
          },
          "sensitive_attributes": [],
          "dependencies": [
            "module.gcloud_deploy_app.data.external.env_override",
            "module.gcloud_deploy_app.null_resource.download_gcloud",
            "module.gcloud_deploy_app.null_resource.download_jq",
            "module.gcloud_deploy_app.null_resource.module_depends_on",
            "module.gcloud_deploy_app.null_resource.prepare_cache",
            "module.gcloud_deploy_app.random_id.cache"
          ]
        }
      ]
    },
    {
      "module": "module.gcloud_deploy_app",
      "mode": "managed",
      "type": "null_resource",
      "name": "download_gcloud",
      "provider": "provider[\"registry.terraform.io/hashicorp/null\"]",
      "instances": [
        {
          "index_key": 0,
          "schema_version": 0,
          "attributes": {
            "id": "1892151928833118978",
            "triggers": {
              "arguments": "6d01538cd94ee6218405b1731070b1a5",
              "download_gcloud_command": "curl -sL -o .terraform/modules/gcloud_deploy_app/cache/34c025e4/google-cloud-sdk.tar.gz https://dl.google.com/dl/cloudsdk/channels/rapid/downloads/google-cloud-sdk-281.0.0-linux-x86_64.tar.gz",
              "md5": "7f22bf39aaf5ce5980111c3587bef5b5"
            }
          },
          "sensitive_attributes": [],
          "dependencies": [
            "module.gcloud_deploy_app.data.external.env_override",
            "module.gcloud_deploy_app.null_resource.module_depends_on",
            "module.gcloud_deploy_app.null_resource.prepare_cache",
            "module.gcloud_deploy_app.random_id.cache"
          ]
        }
      ]
    },
    {
      "module": "module.gcloud_deploy_app",
      "mode": "managed",
      "type": "null_resource",
      "name": "download_jq",
      "provider": "provider[\"registry.terraform.io/hashicorp/null\"]",
      "instances": [
        {
          "index_key": 0,
          "schema_version": 0,
          "attributes": {
            "id": "2317590223251725036",
            "triggers": {
              "arguments": "6d01538cd94ee6218405b1731070b1a5",
              "download_jq_command": "curl -sL -o .terraform/modules/gcloud_deploy_app/cache/34c025e4/jq https://github.com/stedolan/jq/releases/download/jq-1.6/jq-linux64 \u0026\u0026 chmod +x .terraform/modules/gcloud_deploy_app/cache/34c025e4/jq",
              "md5": "7f22bf39aaf5ce5980111c3587bef5b5"
            }
          },
          "sensitive_attributes": [],
          "dependencies": [
            "module.gcloud_deploy_app.data.external.env_override",
            "module.gcloud_deploy_app.null_resource.module_depends_on",
            "module.gcloud_deploy_app.null_resource.prepare_cache",
            "module.gcloud_deploy_app.random_id.cache"
          ]
        }
      ]
    },
    {
      "module": "module.gcloud_deploy_app",
      "mode": "managed",
      "type": "null_resource",
      "name": "gcloud_auth_google_credentials",
      "provider": "provider[\"registry.terraform.io/hashicorp/null\"]",
      "instances": [
        {
          "index_key": 0,
          "status": "tainted",
          "schema_version": 0,
          "attributes": {
            "id": "4131065066830807255",
            "triggers": {
              "arguments": "6d01538cd94ee6218405b1731070b1a5",
              "gcloud_auth_google_credentials_command": "printf \"%s\" \"$GOOGLE_CREDENTIALS\" \u003e .terraform/modules/gcloud_deploy_app/terraform-google-credentials.json \u0026\u0026\n.terraform/modules/gcloud_deploy_app/cache/34c025e4/google-cloud-sdk/bin/gcloud auth activate-service-account --key-file .terraform/modules/gcloud_deploy_app/terraform-google-credentials.json\n",
              "md5": "7f22bf39aaf5ce5980111c3587bef5b5"
            }
          },
          "sensitive_attributes": [],
          "dependencies": [
            "module.gcloud_deploy_app.data.external.env_override",
            "module.gcloud_deploy_app.null_resource.decompress",
            "module.gcloud_deploy_app.null_resource.download_gcloud",
            "module.gcloud_deploy_app.null_resource.download_jq",
            "module.gcloud_deploy_app.null_resource.module_depends_on",
            "module.gcloud_deploy_app.null_resource.prepare_cache",
            "module.gcloud_deploy_app.null_resource.upgrade",
            "module.gcloud_deploy_app.random_id.cache"
          ]
        }
      ]
    },
    {
      "module": "module.gcloud_deploy_app",
      "mode": "managed",
      "type": "null_resource",
      "name": "gcloud_auth_service_account_key_file",
      "provider": "provider[\"registry.terraform.io/hashicorp/null\"]",
      "instances": []
    },
    {
      "module": "module.gcloud_deploy_app",
      "mode": "managed",
      "type": "null_resource",
      "name": "module_depends_on",
      "provider": "provider[\"registry.terraform.io/hashicorp/null\"]",
      "instances": []
    },
    {
      "module": "module.gcloud_deploy_app",
      "mode": "managed",
      "type": "null_resource",
      "name": "prepare_cache",
      "provider": "provider[\"registry.terraform.io/hashicorp/null\"]",
      "instances": [
        {
          "index_key": 0,
          "schema_version": 0,
          "attributes": {
            "id": "9029233802615457944",
            "triggers": {
              "arguments": "6d01538cd94ee6218405b1731070b1a5",
              "md5": "7f22bf39aaf5ce5980111c3587bef5b5",
              "prepare_cache_command": "mkdir -p .terraform/modules/gcloud_deploy_app/cache/34c025e4"
            }
          },
          "sensitive_attributes": [],
          "dependencies": [
            "module.gcloud_deploy_app.data.external.env_override",
            "module.gcloud_deploy_app.null_resource.module_depends_on",
            "module.gcloud_deploy_app.random_id.cache"
          ]
        }
      ]
    },
    {
      "module": "module.gcloud_deploy_app",
      "mode": "managed",
      "type": "null_resource",
      "name": "upgrade",
      "provider": "provider[\"registry.terraform.io/hashicorp/null\"]",
      "instances": [
        {
          "index_key": 0,
          "schema_version": 0,
          "attributes": {
            "id": "1164529008345241032",
            "triggers": {
              "arguments": "6d01538cd94ee6218405b1731070b1a5",
              "md5": "7f22bf39aaf5ce5980111c3587bef5b5",
              "upgrade_command": ".terraform/modules/gcloud_deploy_app/cache/34c025e4/google-cloud-sdk/bin/gcloud components update --quiet"
            }
          },
          "sensitive_attributes": [],
          "dependencies": [
            "module.gcloud_deploy_app.data.external.env_override",
            "module.gcloud_deploy_app.null_resource.decompress",
            "module.gcloud_deploy_app.null_resource.download_gcloud",
            "module.gcloud_deploy_app.null_resource.download_jq",
            "module.gcloud_deploy_app.null_resource.module_depends_on",
            "module.gcloud_deploy_app.null_resource.prepare_cache",
            "module.gcloud_deploy_app.random_id.cache"
          ]
        }
      ]
    },
    {
      "module": "module.gcloud_deploy_app",
      "mode": "managed",
      "type": "random_id",
      "name": "cache",
      "provider": "provider[\"registry.terraform.io/hashicorp/random\"]",
      "instances": [
        {
          "index_key": 0,
          "schema_version": 0,
          "attributes": {
            "b64_std": "NMAl5A==",
            "b64_url": "NMAl5A",
            "byte_length": 4,
            "dec": "885007844",
            "hex": "34c025e4",
            "id": "NMAl5A",
            "keepers": null,
            "prefix": null
          },
          "sensitive_attributes": [],
          "dependencies": [
            "module.gcloud_deploy_app.data.external.env_override"
          ]
        }
      ]
    }
  ],
  "check_results": null
}
